# THIS IS AN AUTOGENERATED FILE. DO NOT EDIT THIS FILE DIRECTLY.
# yarn lockfile v1


"@noble/bls12-381@^1.0.1":
  version "1.0.1"
  resolved "https://registry.yarnpkg.com/@noble/bls12-381/-/bls12-381-1.0.1.tgz#7945f61e2067ddc75b2a22a947b1b0c60290d1d5"
  integrity sha512-kZbZMEvXiosdAWTdfMUBRK8Gbk9jz6b7Psv1ciGfdxZ8yG9tMef+jgyCpdT/FdgI4e+e7KnE5QtrfjZmeIZA6Q==

lit-jwt-verifier@^1.0.1:
  version "1.0.1"
  resolved "https://registry.yarnpkg.com/lit-jwt-verifier/-/lit-jwt-verifier-1.0.1.tgz#59a7c60cf30f989cb0c406b5b761bb594162ecc3"
  integrity sha512-7naQ9HdhZGZMZNgzaxkPicFbfk7oOZcoqeEgUtKY7PR+sXgfS9N/lzNoEmcjQUwBQnTw/5BACjOwYyhe0FFiFQ==
  dependencies:
    "@noble/bls12-381" "^1.0.1"
    uint8arrays "^3.0.0"

multiformats@^9.4.2:
  version "9.5.4"
  resolved "https://registry.yarnpkg.com/multiformats/-/multiformats-9.5.4.tgz#bf60eee834f7bcbd3a61b1c61d7e8d6b158a0f63"
  integrity sha512-MFT8e8BOLX7OZKfSBGm13FwYvJVI6MEcZ7hujUCpyJwvYyrC1anul50A0Ee74GdeJ77aYTO6YU1vO+oF8NqSIw==

prettier@^1.18.2:
  version "1.19.1"
  resolved "https://registry.yarnpkg.com/prettier/-/prettier-1.19.1.tgz#f7d7f5ff8a9cd872a7be4ca142095956a60797cb"
  integrity sha512-s7PoyDv/II1ObgQunCbB9PdLmUcBZcnWOcxDh7O0N/UwDEsHyqkW+Qh28jW+mVuCdx7gLB0BotYI1Y6uI9iyew==

uint8arrays@^3.0.0:
  version "3.0.0"
  resolved "https://registry.yarnpkg.com/uint8arrays/-/uint8arrays-3.0.0.tgz#260869efb8422418b6f04e3fac73a3908175c63b"
  integrity sha512-HRCx0q6O9Bfbp+HHSfQQKD7wU70+lydKVt4EghkdOvlK/NlrF90z+eXV34mUd48rNvVJXwkrMSPpCATkct8fJA==
  dependencies:
    multiformats "^9.4.2"
